
Microsoft Visual Studio Solution File, Format Version 12.00
# Visual Studio Version 17
VisualStudioVersion = 17.5.002.0
MinimumVisualStudioVersion = 10.0.40219.1
Project("{9A19103F-16F7-4668-BE54-9A1E7A4F7556}") = "TP3", "TP3.csproj", "{AF9F3198-D82A-44FB-87A8-EB278AE51524}"
EndProject
Global
	GlobalSection(SolutionConfigurationPlatforms) = preSolution
		Debug|Any CPU = Debug|Any CPU
		Release|Any CPU = Release|Any CPU
	EndGlobalSection
	GlobalSection(ProjectConfigurationPlatforms) = postSolution
		{AF9F3198-D82A-44FB-87A8-EB278AE51524}.Debug|Any CPU.ActiveCfg = Debug|Any CPU
		{AF9F3198-D82A-44FB-87A8-EB278AE51524}.Debug|Any CPU.Build.0 = Debug|Any CPU
		{AF9F3198-D82A-44FB-87A8-EB278AE51524}.Release|Any CPU.ActiveCfg = Release|Any CPU
		{AF9F3198-D82A-44FB-87A8-EB278AE51524}.Release|Any CPU.Build.0 = Release|Any CPU
	EndGlobalSection
	GlobalSection(SolutionProperties) = preSolution
		HideSolutionNode = FALSE
	EndGlobalSection
	GlobalSection(ExtensibilityGlobals) = postSolution
		SolutionGuid = {80550E2C-B0AF-44CC-8214-58A31932B679}
	EndGlobalSection
EndGlobal
